// !$*UTF8*$!
{
	archiveVersion = 1;
	classes = {
	};
	objectVersion = 46;
	objects = {

/* Begin PBXBuildFile section */
		BC6BA9C11C1AA2B900EDE348 /* main.m in Sources */ = {isa = PBXBuildFile; fileRef = BC6BA9C01C1AA2B900EDE348 /* main.m */; };
		BC6BA9C41C1AA2B900EDE348 /* AppDelegate.m in Sources */ = {isa = PBXBuildFile; fileRef = BC6BA9C31C1AA2B900EDE348 /* AppDelegate.m */; };
		BC6BA9C71C1AA2B900EDE348 /* ViewController.m in Sources */ = {isa = PBXBuildFile; fileRef = BC6BA9C61C1AA2B900EDE348 /* ViewController.m */; };
		BC6BA9CA1C1AA2B900EDE348 /* Main.storyboard in Resources */ = {isa = PBXBuildFile; fileRef = BC6BA9C81C1AA2B900EDE348 /* Main.storyboard */; };
		BC6BA9CC1C1AA2B900EDE348 /* Assets.xcassets in Resources */ = {isa = PBXBuildFile; fileRef = BC6BA9CB1C1AA2B900EDE348 /* Assets.xcassets */; };
		BC6BA9CF1C1AA2B900EDE348 /* LaunchScreen.storyboard in Resources */ = {isa = PBXBuildFile; fileRef = BC6BA9CD1C1AA2B900EDE348 /* LaunchScreen.storyboard */; };
		BC6BA9DC1C1AA3F500EDE348 /* LBTabBar.m in Sources */ = {isa = PBXBuildFile; fileRef = BC6BA9DB1C1AA3F500EDE348 /* LBTabBar.m */; };
		BC6BA9DF1C1AA43800EDE348 /* LBTabBarController.m in Sources */ = {isa = PBXBuildFile; fileRef = BC6BA9DE1C1AA43800EDE348 /* LBTabBarController.m */; };
		BC6BA9E21C1AA4AE00EDE348 /* LBPlusButton.m in Sources */ = {isa = PBXBuildFile; fileRef = BC6BA9E11C1AA4AE00EDE348 /* LBPlusButton.m */; };
		BC6BA9E51C1AB62B00EDE348 /* LBTabBarControllerConfig.m in Sources */ = {isa = PBXBuildFile; fileRef = BC6BA9E41C1AB62B00EDE348 /* LBTabBarControllerConfig.m */; };
		BC6BA9E91C1AB70600EDE348 /* FirstViewController.m in Sources */ = {isa = PBXBuildFile; fileRef = BC6BA9E81C1AB70600EDE348 /* FirstViewController.m */; };
		BC6BA9EC1C1AB72100EDE348 /* SecondViewController.m in Sources */ = {isa = PBXBuildFile; fileRef = BC6BA9EB1C1AB72100EDE348 /* SecondViewController.m */; };
		BC6BA9EF1C1AB74A00EDE348 /* ThirdViewController.m in Sources */ = {isa = PBXBuildFile; fileRef = BC6BA9EE1C1AB74A00EDE348 /* ThirdViewController.m */; };
		BC6BA9F21C1AB76D00EDE348 /* FourthViewController.m in Sources */ = {isa = PBXBuildFile; fileRef = BC6BA9F11C1AB76D00EDE348 /* FourthViewController.m */; };
		BC6BA9F61C1ABCF900EDE348 /* TestViewController.m in Sources */ = {isa = PBXBuildFile; fileRef = BC6BA9F41C1ABCF900EDE348 /* TestViewController.m */; };
		BC6BA9F71C1ABCF900EDE348 /* TestViewController.xib in Resources */ = {isa = PBXBuildFile; fileRef = BC6BA9F51C1ABCF900EDE348 /* TestViewController.xib */; };
/* End PBXBuildFile section */

/* Begin PBXFileReference section */
		BC6BA9BC1C1AA2B900EDE348 /* LiBTabBarController.app */ = {isa = PBXFileReference; explicitFileType = wrapper.application; includeInIndex = 0; path = LiBTabBarController.app; sourceTree = BUILT_PRODUCTS_DIR; };
		BC6BA9C01C1AA2B900EDE348 /* main.m */ = {isa = PBXFileReference; lastKnownFileType = sourcecode.c.objc; path = main.m; sourceTree = "<group>"; };
		BC6BA9C21C1AA2B900EDE348 /* AppDelegate.h */ = {isa = PBXFileReference; lastKnownFileType = sourcecode.c.h; path = AppDelegate.h; sourceTree = "<group>"; };
		BC6BA9C31C1AA2B900EDE348 /* AppDelegate.m */ = {isa = PBXFileReference; lastKnownFileType = sourcecode.c.objc; path = AppDelegate.m; sourceTree = "<group>"; };
		BC6BA9C51C1AA2B900EDE348 /* ViewController.h */ = {isa = PBXFileReference; lastKnownFileType = sourcecode.c.h; path = ViewController.h; sourceTree = "<group>"; };
		BC6BA9C61C1AA2B900EDE348 /* ViewController.m */ = {isa = PBXFileReference; lastKnownFileType = sourcecode.c.objc; path = ViewController.m; sourceTree = "<group>"; };
		BC6BA9C91C1AA2B900EDE348 /* Base */ = {isa = PBXFileReference; lastKnownFileType = file.storyboard; name = Base; path = Base.lproj/Main.storyboard; sourceTree = "<group>"; };
		BC6BA9CB1C1AA2B900EDE348 /* Assets.xcassets */ = {isa = PBXFileReference; lastKnownFileType = folder.assetcatalog; path = Assets.xcassets; sourceTree = "<group>"; };
		BC6BA9CE1C1AA2B900EDE348 /* Base */ = {isa = PBXFileReference; lastKnownFileType = file.storyboard; name = Base; path = Base.lproj/LaunchScreen.storyboard; sourceTree = "<group>"; };
		BC6BA9D01C1AA2B900EDE348 /* Info.plist */ = {isa = PBXFileReference; lastKnownFileType = text.plist.xml; path = Info.plist; sourceTree = "<group>"; };
		BC6BA9DA1C1AA3F500EDE348 /* LBTabBar.h */ = {isa = PBXFileReference; fileEncoding = 4; lastKnownFileType = sourcecode.c.h; path = LBTabBar.h; sourceTree = "<group>"; };
		BC6BA9DB1C1AA3F500EDE348 /* LBTabBar.m */ = {isa = PBXFileReference; fileEncoding = 4; lastKnownFileType = sourcecode.c.objc; path = LBTabBar.m; sourceTree = "<group>"; };
		BC6BA9DD1C1AA43800EDE348 /* LBTabBarController.h */ = {isa = PBXFileReference; fileEncoding = 4; lastKnownFileType = sourcecode.c.h; path = LBTabBarController.h; sourceTree = "<group>"; };
		BC6BA9DE1C1AA43800EDE348 /* LBTabBarController.m */ = {isa = PBXFileReference; fileEncoding = 4; lastKnownFileType = sourcecode.c.objc; path = LBTabBarController.m; sourceTree = "<group>"; };
		BC6BA9E01C1AA4AE00EDE348 /* LBPlusButton.h */ = {isa = PBXFileReference; fileEncoding = 4; lastKnownFileType = sourcecode.c.h; path = LBPlusButton.h; sourceTree = "<group>"; };
		BC6BA9E11C1AA4AE00EDE348 /* LBPlusButton.m */ = {isa = PBXFileReference; fileEncoding = 4; lastKnownFileType = sourcecode.c.objc; path = LBPlusButton.m; sourceTree = "<group>"; };
		BC6BA9E31C1AB62B00EDE348 /* LBTabBarControllerConfig.h */ = {isa = PBXFileReference; fileEncoding = 4; lastKnownFileType = sourcecode.c.h; name = LBTabBarControllerConfig.h; path = ../LBTabBarControllerConfig.h; sourceTree = "<group>"; };
		BC6BA9E41C1AB62B00EDE348 /* LBTabBarControllerConfig.m */ = {isa = PBXFileReference; fileEncoding = 4; lastKnownFileType = sourcecode.c.objc; name = LBTabBarControllerConfig.m; path = ../LBTabBarControllerConfig.m; sourceTree = "<group>"; };
		BC6BA9E71C1AB70600EDE348 /* FirstViewController.h */ = {isa = PBXFileReference; fileEncoding = 4; lastKnownFileType = sourcecode.c.h; path = FirstViewController.h; sourceTree = "<group>"; };
		BC6BA9E81C1AB70600EDE348 /* FirstViewController.m */ = {isa = PBXFileReference; fileEncoding = 4; lastKnownFileType = sourcecode.c.objc; path = FirstViewController.m; sourceTree = "<group>"; };
		BC6BA9EA1C1AB72100EDE348 /* SecondViewController.h */ = {isa = PBXFileReference; fileEncoding = 4; lastKnownFileType = sourcecode.c.h; path = SecondViewController.h; sourceTree = "<group>"; };
		BC6BA9EB1C1AB72100EDE348 /* SecondViewController.m */ = {isa = PBXFileReference; fileEncoding = 4; lastKnownFileType = sourcecode.c.objc; path = SecondViewController.m; sourceTree = "<group>"; };
		BC6BA9ED1C1AB74A00EDE348 /* ThirdViewController.h */ = {isa = PBXFileReference; fileEncoding = 4; lastKnownFileType = sourcecode.c.h; path = ThirdViewController.h; sourceTree = "<group>"; };
		BC6BA9EE1C1AB74A00EDE348 /* ThirdViewController.m */ = {isa = PBXFileReference; fileEncoding = 4; lastKnownFileType = sourcecode.c.objc; path = ThirdViewController.m; sourceTree = "<group>"; };
		BC6BA9F01C1AB76D00EDE348 /* FourthViewController.h */ = {isa = PBXFileReference; fileEncoding = 4; lastKnownFileType = sourcecode.c.h; path = FourthViewController.h; sourceTree = "<group>"; };
		BC6BA9F11C1AB76D00EDE348 /* FourthViewController.m */ = {isa = PBXFileReference; fileEncoding = 4; lastKnownFileType = sourcecode.c.objc; path = FourthViewController.m; sourceTree = "<group>"; };
		BC6BA9F31C1ABCF900EDE348 /* TestViewController.h */ = {isa = PBXFileReference; fileEncoding = 4; lastKnownFileType = sourcecode.c.h; path = TestViewController.h; sourceTree = "<group>"; };
		BC6BA9F41C1ABCF900EDE348 /* TestViewController.m */ = {isa = PBXFileReference; fileEncoding = 4; lastKnownFileType = sourcecode.c.objc; path = TestViewController.m; sourceTree = "<group>"; };
		BC6BA9F51C1ABCF900EDE348 /* TestViewController.xib */ = {isa = PBXFileReference; fileEncoding = 4; lastKnownFileType = file.xib; path = TestViewController.xib; sourceTree = "<group>"; };
/* End PBXFileReference section */

/* Begin PBXFrameworksBuildPhase section */
		BC6BA9B91C1AA2B900EDE348 /* Frameworks */ = {
			isa = PBXFrameworksBuildPhase;
			buildActionMask = 2147483647;
			files = (
			);
			runOnlyForDeploymentPostprocessing = 0;
		};
/* End PBXFrameworksBuildPhase section */

/* Begin PBXGroup section */
		BC6BA9B31C1AA2B900EDE348 = {
			isa = PBXGroup;
			children = (
				BC6BA9BE1C1AA2B900EDE348 /* LiBTabBarController */,
				BC6BA9BD1C1AA2B900EDE348 /* Products */,
			);
			sourceTree = "<group>";
		};
		BC6BA9BD1C1AA2B900EDE348 /* Products */ = {
			isa = PBXGroup;
			children = (
				BC6BA9BC1C1AA2B900EDE348 /* LiBTabBarController.app */,
			);
			name = Products;
			sourceTree = "<group>";
		};
		BC6BA9BE1C1AA2B900EDE348 /* LiBTabBarController */ = {
			isa = PBXGroup;
			children = (
				BC6BA9E61C1AB6AA00EDE348 /* Classes */,
				BC6BA9D61C1AA2E200EDE348 /* configs */,
				BC6BA9C21C1AA2B900EDE348 /* AppDelegate.h */,
				BC6BA9C31C1AA2B900EDE348 /* AppDelegate.m */,
				BC6BA9C51C1AA2B900EDE348 /* ViewController.h */,
				BC6BA9C61C1AA2B900EDE348 /* ViewController.m */,
				BC6BA9C81C1AA2B900EDE348 /* Main.storyboard */,
				BC6BA9CB1C1AA2B900EDE348 /* Assets.xcassets */,
				BC6BA9CD1C1AA2B900EDE348 /* LaunchScreen.storyboard */,
				BC6BA9D01C1AA2B900EDE348 /* Info.plist */,
				BC6BA9BF1C1AA2B900EDE348 /* Supporting Files */,
			);
			path = LiBTabBarController;
			sourceTree = "<group>";
		};
		BC6BA9BF1C1AA2B900EDE348 /* Supporting Files */ = {
			isa = PBXGroup;
			children = (
				BC6BA9C01C1AA2B900EDE348 /* main.m */,
			);
			name = "Supporting Files";
			sourceTree = "<group>";
		};
		BC6BA9D61C1AA2E200EDE348 /* configs */ = {
			isa = PBXGroup;
			children = (
				BC6BA9E31C1AB62B00EDE348 /* LBTabBarControllerConfig.h */,
				BC6BA9E41C1AB62B00EDE348 /* LBTabBarControllerConfig.m */,
				BC6BA9DA1C1AA3F500EDE348 /* LBTabBar.h */,
				BC6BA9DB1C1AA3F500EDE348 /* LBTabBar.m */,
				BC6BA9DD1C1AA43800EDE348 /* LBTabBarController.h */,
				BC6BA9DE1C1AA43800EDE348 /* LBTabBarController.m */,
				BC6BA9E01C1AA4AE00EDE348 /* LBPlusButton.h */,
				BC6BA9E11C1AA4AE00EDE348 /* LBPlusButton.m */,
			);
			path = configs;
			sourceTree = "<group>";
		};
		BC6BA9E61C1AB6AA00EDE348 /* Classes */ = {
			isa = PBXGroup;
			children = (
				BC6BA9E71C1AB70600EDE348 /* FirstViewController.h */,
				BC6BA9E81C1AB70600EDE348 /* FirstViewController.m */,
				BC6BA9EA1C1AB72100EDE348 /* SecondViewController.h */,
				BC6BA9EB1C1AB72100EDE348 /* SecondViewController.m */,
				BC6BA9ED1C1AB74A00EDE348 /* ThirdViewController.h */,
				BC6BA9EE1C1AB74A00EDE348 /* ThirdViewController.m */,
				BC6BA9F01C1AB76D00EDE348 /* FourthViewController.h */,
				BC6BA9F11C1AB76D00EDE348 /* FourthViewController.m */,
				BC6BA9F31C1ABCF900EDE348 /* TestViewController.h */,
				BC6BA9F41C1ABCF900EDE348 /* TestViewController.m */,
				BC6BA9F51C1ABCF900EDE348 /* TestViewController.xib */,
			);
			path = Classes;
			sourceTree = "<group>";
		};
/* End PBXGroup section */

/* Begin PBXNativeTarget section */
		BC6BA9BB1C1AA2B900EDE348 /* LiBTabBarController */ = {
			isa = PBXNativeTarget;
			buildConfigurationList = BC6BA9D31C1AA2B900EDE348 /* Build configuration list for PBXNativeTarget "LiBTabBarController" */;
			buildPhases = (
				BC6BA9B81C1AA2B900EDE348 /* Sources */,
				BC6BA9B91C1AA2B900EDE348 /* Frameworks */,
				BC6BA9BA1C1AA2B900EDE348 /* Resources */,
			);
			buildRules = (
			);
			dependencies = (
			);
			name = LiBTabBarController;
			productName = LiBTabBarController;
			productReference = BC6BA9BC1C1AA2B900EDE348 /* LiBTabBarController.app */;
			productType = "com.apple.product-type.application";
		};
/* End PBXNativeTarget section */

/* Begin PBXProject section */
		BC6BA9B41C1AA2B900EDE348 /* Project object */ = {
			isa = PBXProject;
			attributes = {
				LastUpgradeCheck = 0710;
				ORGANIZATIONNAME = kingly;
				TargetAttributes = {
					BC6BA9BB1C1AA2B900EDE348 = {
						CreatedOnToolsVersion = 7.1;
					};
				};
			};
			buildConfigurationList = BC6BA9B71C1AA2B900EDE348 /* Build configuration list for PBXProject "LiBTabBarController" */;
			compatibilityVersion = "Xcode 3.2";
			developmentRegion = English;
			hasScannedForEncodings = 0;
			knownRegions = (
				en,
				Base,
			);
			mainGroup = BC6BA9B31C1AA2B900EDE348;
			productRefGroup = BC6BA9BD1C1AA2B900EDE348 /* Products */;
			projectDirPath = "";
			projectRoot = "";
			targets = (
				BC6BA9BB1C1AA2B900EDE348 /* LiBTabBarController */,
			);
		};
/* End PBXProject section */

/* Begin PBXResourcesBuildPhase section */
		BC6BA9BA1C1AA2B900EDE348 /* Resources */ = {
			isa = PBXResourcesBuildPhase;
			buildActionMask = 2147483647;
			files = (
				BC6BA9CF1C1AA2B900EDE348 /* LaunchScreen.storyboard in Resources */,
				BC6BA9CC1C1AA2B900EDE348 /* Assets.xcassets in Resources */,
				BC6BA9F71C1ABCF900EDE348 /* TestViewController.xib in Resources */,
				BC6BA9CA1C1AA2B900EDE348 /* Main.storyboard in Resources */,
			);
			runOnlyForDeploymentPostprocessing = 0;
		};
/* End PBXResourcesBuildPhase section */

/* Begin PBXSourcesBuildPhase section */
		BC6BA9B81C1AA2B900EDE348 /* Sources */ = {
			isa = PBXSourcesBuildPhase;
			buildActionMask = 2147483647;
			files = (
				BC6BA9EC1C1AB72100EDE348 /* SecondViewController.m in Sources */,
				BC6BA9C71C1AA2B900EDE348 /* ViewController.m in Sources */,
				BC6BA9C41C1AA2B900EDE348 /* AppDelegate.m in Sources */,
				BC6BA9C11C1AA2B900EDE348 /* main.m in Sources */,
				BC6BA9E51C1AB62B00EDE348 /* LBTabBarControllerConfig.m in Sources */,
				BC6BA9F21C1AB76D00EDE348 /* FourthViewController.m in Sources */,
				BC6BA9F61C1ABCF900EDE348 /* TestViewController.m in Sources */,
				BC6BA9DF1C1AA43800EDE348 /* LBTabBarController.m in Sources */,
				BC6BA9EF1C1AB74A00EDE348 /* ThirdViewController.m in Sources */,
				BC6BA9DC1C1AA3F500EDE348 /* LBTabBar.m in Sources */,
				BC6BA9E21C1AA4AE00EDE348 /* LBPlusButton.m in Sources */,
				BC6BA9E91C1AB70600EDE348 /* FirstViewController.m in Sources */,
			);
			runOnlyForDeploymentPostprocessing = 0;
		};
/* End PBXSourcesBuildPhase section */

/* Begin PBXVariantGroup section */
		BC6BA9C81C1AA2B900EDE348 /* Main.storyboard */ = {
			isa = PBXVariantGroup;
			children = (
				BC6BA9C91C1AA2B900EDE348 /* Base */,
			);
			name = Main.storyboard;
			sourceTree = "<group>";
		};
		BC6BA9CD1C1AA2B900EDE348 /* LaunchScreen.storyboard */ = {
			isa = PBXVariantGroup;
			children = (
				BC6BA9CE1C1AA2B900EDE348 /* Base */,
			);
			name = LaunchScreen.storyboard;
			sourceTree = "<group>";
		};
/* End PBXVariantGroup section */

/* Begin XCBuildConfiguration section */
		BC6BA9D11C1AA2B900EDE348 /* Debug */ = {
			isa = XCBuildConfiguration;
			buildSettings = {
				ALWAYS_SEARCH_USER_PATHS = NO;
				CLANG_CXX_LANGUAGE_STANDARD = "gnu++0x";
				CLANG_CXX_LIBRARY = "libc++";
				CLANG_ENABLE_MODULES = YES;
				CLANG_ENABLE_OBJC_ARC = YES;
				CLANG_WARN_BOOL_CONVERSION = YES;
				CLANG_WARN_CONSTANT_CONVERSION = YES;
				CLANG_WARN_DIRECT_OBJC_ISA_USAGE = YES_ERROR;
				CLANG_WARN_EMPTY_BODY = YES;
				CLANG_WARN_ENUM_CONVERSION = YES;
				CLANG_WARN_INT_CONVERSION = YES;
				CLANG_WARN_OBJC_ROOT_CLASS = YES_ERROR;
				CLANG_WARN_UNREACHABLE_CODE = YES;
				CLANG_WARN__DUPLICATE_METHOD_MATCH = YES;
				"CODE_SIGN_IDENTITY[sdk=iphoneos*]" = "iPhone Developer";
				COPY_PHASE_STRIP = NO;
				DEBUG_INFORMATION_FORMAT = dwarf;
				ENABLE_STRICT_OBJC_MSGSEND = YES;
				ENABLE_TESTABILITY = YES;
				GCC_C_LANGUAGE_STANDARD = gnu99;
				GCC_DYNAMIC_NO_PIC = NO;
				GCC_NO_COMMON_BLOCKS = YES;
				GCC_OPTIMIZATION_LEVEL = 0;
				GCC_PREPROCESSOR_DEFINITIONS = (
					"DEBUG=1",
					"$(inherited)",
				);
				GCC_WARN_64_TO_32_BIT_CONVERSION = YES;
				GCC_WARN_ABOUT_RETURN_TYPE = YES_ERROR;
				GCC_WARN_UNDECLARED_SELECTOR = YES;
				GCC_WARN_UNINITIALIZED_AUTOS = YES_AGGRESSIVE;
				GCC_WARN_UNUSED_FUNCTION = YES;
				GCC_WARN_UNUSED_VARIABLE = YES;
				IPHONEOS_DEPLOYMENT_TARGET = 9.1;
				MTL_ENABLE_DEBUG_INFO = YES;
				ONLY_ACTIVE_ARCH = YES;
				SDKROOT = iphoneos;
				TARGETED_DEVICE_FAMILY = "1,2";
			};
			name = Debug;
		};
		BC6BA9D21C1AA2B900EDE348 /* Release */ = {
			isa = XCBuildConfiguration;
			buildSettings = {
				ALWAYS_SEARCH_USER_PATHS = NO;
				CLANG_CXX_LANGUAGE_STANDARD = "gnu++0x";
				CLANG_CXX_LIBRARY = "libc++";
				CLANG_ENABLE_MODULES = YES;
				CLANG_ENABLE_OBJC_ARC = YES;
				CLANG_WARN_BOOL_CONVERSION = YES;
				CLANG_WARN_CONSTANT_CONVERSION = YES;
				CLANG_WARN_DIRECT_OBJC_ISA_USAGE = YES_ERROR;
				CLANG_WARN_EMPTY_BODY = YES;
				CLANG_WARN_ENUM_CONVERSION = YES;
				CLANG_WARN_INT_CONVERSION = YES;
				CLANG_WARN_OBJC_ROOT_CLASS = YES_ERROR;
				CLANG_WARN_UNREACHABLE_CODE = YES;
				CLANG_WARN__DUPLICATE_METHOD_MATCH = YES;
				"CODE_SIGN_IDENTITY[sdk=iphoneos*]" = "iPhone Developer";
				COPY_PHASE_STRIP = NO;
				DEBUG_INFORMATION_FORMAT = "dwarf-with-dsym";
				ENABLE_NS_ASSERTIONS = NO;
				ENABLE_STRICT_OBJC_MSGSEND = YES;
				GCC_C_LANGUAGE_STANDARD = gnu99;
				GCC_NO_COMMON_BLOCKS = YES;
				GCC_WARN_64_TO_32_BIT_CONVERSION = YES;
				GCC_WARN_ABOUT_RETURN_TYPE = YES_ERROR;
				GCC_WARN_UNDECLARED_SELECTOR = YES;
				GCC_WARN_UNINITIALIZED_AUTOS = YES_AGGRESSIVE;
				GCC_WARN_UNUSED_FUNCTION = YES;
				GCC_WARN_UNUSED_VARIABLE = YES;
				IPHONEOS_DEPLOYMENT_TARGET = 9.1;
				MTL_ENABLE_DEBUG_INFO = NO;
				SDKROOT = iphoneos;
				TARGETED_DEVICE_FAMILY = "1,2";
				VALIDATE_PRODUCT = YES;
			};
			name = Release;
		};
		BC6BA9D41C1AA2B900EDE348 /* Debug */ = {
			isa = XCBuildConfiguration;
			buildSettings = {
				ASSETCATALOG_COMPILER_APPICON_NAME = AppIcon;
				INFOPLIST_FILE = LiBTabBarController/Info.plist;
				IPHONEOS_DEPLOYMENT_TARGET = 6.0;
				LD_RUNPATH_SEARCH_PATHS = "$(inherited) @executable_path/Frameworks";
				PRODUCT_BUNDLE_IDENTIFIER = com.kingly09.LiBTabBarController;
				PRODUCT_NAME = "$(TARGET_NAME)";
			};
			name = Debug;
		};
		BC6BA9D51C1AA2B900EDE348 /* Release */ = {
			isa = XCBuildConfiguration;
			buildSettings = {
				ASSETCATALOG_COMPILER_APPICON_NAME = AppIcon;
				INFOPLIST_FILE = LiBTabBarController/Info.plist;
				IPHONEOS_DEPLOYMENT_TARGET = 6.0;
				LD_RUNPATH_SEARCH_PATHS = "$(inherited) @executable_path/Frameworks";
				PRODUCT_BUNDLE_IDENTIFIER = com.kingly09.LiBTabBarController;
				PRODUCT_NAME = "$(TARGET_NAME)";
			};
			name = Release;
		};
/* End XCBuildConfiguration section */

/* Begin XCConfigurationList section */
		BC6BA9B71C1AA2B900EDE348 /* Build configuration list for PBXProject "LiBTabBarController" */ = {
			isa = XCConfigurationList;
			buildConfigurations = (
				BC6BA9D11C1AA2B900EDE348 /* Debug */,
				BC6BA9D21C1AA2B900EDE348 /* Release */,
			);
			defaultConfigurationIsVisible = 0;
			defaultConfigurationName = Release;
		};
		BC6BA9D31C1AA2B900EDE348 /* Build configuration list for PBXNativeTarget "LiBTabBarController" */ = {
			isa = XCConfigurationList;
			buildConfigurations = (
				BC6BA9D41C1AA2B900EDE348 /* Debug */,
				BC6BA9D51C1AA2B900EDE348 /* Release */,
			);
			defaultConfigurationIsVisible = 0;
		};
/* End XCConfigurationList section */
	};
	rootObject = BC6BA9B41C1AA2B900EDE348 /* Project object */;
}
